
Microsoft Visual Studio Solution File, Format Version 12.00
# Visual Studio Version 17
VisualStudioVersion = 17.0.31903.59
MinimumVisualStudioVersion = 10.0.40219.1
Project("{FAE04EC0-301F-11D3-BF4B-00C04F79EFBC}") = "TrMdManager", "TrMdManager\TrMdManager.csproj", "{1203EC57-10C6-4F83-9DA2-012D8CA8D71F}"
EndProject
Project("{FAE04EC0-301F-11D3-BF4B-00C04F79EFBC}") = "TrJsonManager", "TrJsonManager\TrJsonManager.csproj", "{520C902A-DF52-470A-8973-71AF589642F2}"
EndProject
Project("{FAE04EC0-301F-11D3-BF4B-00C04F79EFBC}") = "TrResizer", "TrResizer\TrResizer.csproj", "{A089B556-243E-4255-88E6-0934E14CA3FB}"
EndProject
Global
	GlobalSection(SolutionConfigurationPlatforms) = preSolution
		Debug|Any CPU = Debug|Any CPU
		Debug|x64 = Debug|x64
		Debug|x86 = Debug|x86
		Release|Any CPU = Release|Any CPU
		Release|x64 = Release|x64
		Release|x86 = Release|x86
	EndGlobalSection
	GlobalSection(ProjectConfigurationPlatforms) = postSolution
		{1203EC57-10C6-4F83-9DA2-012D8CA8D71F}.Debug|Any CPU.ActiveCfg = Debug|Any CPU
		{1203EC57-10C6-4F83-9DA2-012D8CA8D71F}.Debug|Any CPU.Build.0 = Debug|Any CPU
		{1203EC57-10C6-4F83-9DA2-012D8CA8D71F}.Debug|x64.ActiveCfg = Debug|Any CPU
		{1203EC57-10C6-4F83-9DA2-012D8CA8D71F}.Debug|x64.Build.0 = Debug|Any CPU
		{1203EC57-10C6-4F83-9DA2-012D8CA8D71F}.Debug|x86.ActiveCfg = Debug|Any CPU
		{1203EC57-10C6-4F83-9DA2-012D8CA8D71F}.Debug|x86.Build.0 = Debug|Any CPU
		{1203EC57-10C6-4F83-9DA2-012D8CA8D71F}.Release|Any CPU.ActiveCfg = Release|Any CPU
		{1203EC57-10C6-4F83-9DA2-012D8CA8D71F}.Release|Any CPU.Build.0 = Release|Any CPU
		{1203EC57-10C6-4F83-9DA2-012D8CA8D71F}.Release|x64.ActiveCfg = Release|Any CPU
		{1203EC57-10C6-4F83-9DA2-012D8CA8D71F}.Release|x64.Build.0 = Release|Any CPU
		{1203EC57-10C6-4F83-9DA2-012D8CA8D71F}.Release|x86.ActiveCfg = Release|Any CPU
		{1203EC57-10C6-4F83-9DA2-012D8CA8D71F}.Release|x86.Build.0 = Release|Any CPU
		{520C902A-DF52-470A-8973-71AF589642F2}.Debug|Any CPU.ActiveCfg = Debug|Any CPU
		{520C902A-DF52-470A-8973-71AF589642F2}.Debug|Any CPU.Build.0 = Debug|Any CPU
		{520C902A-DF52-470A-8973-71AF589642F2}.Debug|x64.ActiveCfg = Debug|Any CPU
		{520C902A-DF52-470A-8973-71AF589642F2}.Debug|x64.Build.0 = Debug|Any CPU
		{520C902A-DF52-470A-8973-71AF589642F2}.Debug|x86.ActiveCfg = Debug|Any CPU
		{520C902A-DF52-470A-8973-71AF589642F2}.Debug|x86.Build.0 = Debug|Any CPU
		{520C902A-DF52-470A-8973-71AF589642F2}.Release|Any CPU.ActiveCfg = Release|Any CPU
		{520C902A-DF52-470A-8973-71AF589642F2}.Release|Any CPU.Build.0 = Release|Any CPU
		{520C902A-DF52-470A-8973-71AF589642F2}.Release|x64.ActiveCfg = Release|Any CPU
		{520C902A-DF52-470A-8973-71AF589642F2}.Release|x64.Build.0 = Release|Any CPU
		{520C902A-DF52-470A-8973-71AF589642F2}.Release|x86.ActiveCfg = Release|Any CPU
		{520C902A-DF52-470A-8973-71AF589642F2}.Release|x86.Build.0 = Release|Any CPU
		{A089B556-243E-4255-88E6-0934E14CA3FB}.Debug|Any CPU.ActiveCfg = Debug|Any CPU
		{A089B556-243E-4255-88E6-0934E14CA3FB}.Debug|Any CPU.Build.0 = Debug|Any CPU
		{A089B556-243E-4255-88E6-0934E14CA3FB}.Debug|x64.ActiveCfg = Debug|Any CPU
		{A089B556-243E-4255-88E6-0934E14CA3FB}.Debug|x64.Build.0 = Debug|Any CPU
		{A089B556-243E-4255-88E6-0934E14CA3FB}.Debug|x86.ActiveCfg = Debug|Any CPU
		{A089B556-243E-4255-88E6-0934E14CA3FB}.Debug|x86.Build.0 = Debug|Any CPU
		{A089B556-243E-4255-88E6-0934E14CA3FB}.Release|Any CPU.ActiveCfg = Release|Any CPU
		{A089B556-243E-4255-88E6-0934E14CA3FB}.Release|Any CPU.Build.0 = Release|Any CPU
		{A089B556-243E-4255-88E6-0934E14CA3FB}.Release|x64.ActiveCfg = Release|Any CPU
		{A089B556-243E-4255-88E6-0934E14CA3FB}.Release|x64.Build.0 = Release|Any CPU
		{A089B556-243E-4255-88E6-0934E14CA3FB}.Release|x86.ActiveCfg = Release|Any CPU
		{A089B556-243E-4255-88E6-0934E14CA3FB}.Release|x86.Build.0 = Release|Any CPU
	EndGlobalSection
	GlobalSection(SolutionProperties) = preSolution
		HideSolutionNode = FALSE
	EndGlobalSection
EndGlobal
